
Microsoft Visual Studio Solution File, Format Version 12.00
# Visual Studio Version 17
VisualStudioVersion = 17.6.33815.320
MinimumVisualStudioVersion = 10.0.40219.1
Project("{FAE04EC0-301F-11D3-BF4B-00C04F79EFBC}") = "EmpLIB", "EmpLIB\EmpLIB.csproj", "{CBD83372-1856-4495-A5A8-5FE217F25C61}"
EndProject
Global
	GlobalSection(SolutionConfigurationPlatforms) = preSolution
		Debug|Any CPU = Debug|Any CPU
		Release|Any CPU = Release|Any CPU
	EndGlobalSection
	GlobalSection(ProjectConfigurationPlatforms) = postSolution
		{CBD83372-1856-4495-A5A8-5FE217F25C61}.Debug|Any CPU.ActiveCfg = Debug|Any CPU
		{CBD83372-1856-4495-A5A8-5FE217F25C61}.Debug|Any CPU.Build.0 = Debug|Any CPU
		{CBD83372-1856-4495-A5A8-5FE217F25C61}.Release|Any CPU.ActiveCfg = Release|Any CPU
		{CBD83372-1856-4495-A5A8-5FE217F25C61}.Release|Any CPU.Build.0 = Release|Any CPU
	EndGlobalSection
	GlobalSection(SolutionProperties) = preSolution
		HideSolutionNode = FALSE
	EndGlobalSection
	GlobalSection(ExtensibilityGlobals) = postSolution
		SolutionGuid = {5712C122-7748-44FD-A8B0-E72D3D01D60C}
	EndGlobalSection
EndGlobal
